<?xml version="1.0" encoding="utf-8"?>
<Project ToolsVersion="4.0" xmlns="http://schemas.microsoft.com/developer/msbuild/2003">
  <ItemGroup>
    <Filter Include="Source Files">
      <UniqueIdentifier>{4FC737F1-C7A5-4376-A066-2A32D752A2FF}</UniqueIdentifier>
      <Extensions>cpp;c;cc;cxx;def;odl;idl;hpj;bat;asm;asmx</Extensions>
    </Filter>
    <Filter Include="Header Files">
      <UniqueIdentifier>{93995380-89BD-4b04-88EB-625FBE52EBFB}</UniqueIdentifier>
      <Extensions>h;hh;hpp;hxx;hm;inl;inc;xsd</Extensions>
    </Filter>
    <Filter Include="Resource Files">
      <UniqueIdentifier>{67DA6AB6-F800-4c08-8B7A-83BB121AAD01}</UniqueIdentifier>
      <Extensions>rc;ico;cur;bmp;dlg;rc2;rct;bin;rgs;gif;jpg;jpeg;jpe;resx;tiff;tif;png;wav;mfcribbon-ms</Extensions>
    </Filter>
    <Filter Include="Source Files\Graphics">
      <UniqueIdentifier>{8685a307-830c-4a7b-a2c1-6e2befafba31}</UniqueIdentifier>
    </Filter>
    <Filter Include="Header Files\Graphics">
      <UniqueIdentifier>{e5477e9e-9578-4e50-888e-3ea2c0104ecd}</UniqueIdentifier>
    </Filter>
    <Filter Include="Header Files\Tools">
      <UniqueIdentifier>{42dd137e-2ae3-401d-87b9-0cd9c96bf671}</UniqueIdentifier>
    </Filter>
    <Filter Include="Header Files\Game">
      <UniqueIdentifier>{df4cf07c-c910-4767-9ab0-b8b78ba2ad18}</UniqueIdentifier>
    </Filter>
    <Filter Include="Source Files\Game">
      <UniqueIdentifier>{ce351145-1601-4821-84a9-46a1651dc5ce}</UniqueIdentifier>
    </Filter>
    <Filter Include="Source Files\Tools">
      <UniqueIdentifier>{a524d1fe-aa93-407f-bcbd-d8705ec35a84}</UniqueIdentifier>
    </Filter>
  </ItemGroup>
  <ItemGroup>
    <ClCompile Include="GTexture.cpp">
      <Filter>Source Files\Graphics</Filter>
    </ClCompile>
    <ClCompile Include="GButton.cpp">
      <Filter>Source Files\Graphics</Filter>
    </ClCompile>
    <ClCompile Include="GActor.cpp">
      <Filter>Source Files\Game</Filter>
    </ClCompile>
    <ClCompile Include="Source.cpp">
      <Filter>Source Files</Filter>
    </ClCompile>
    <ClCompile Include="GBall.cpp">
      <Filter>Source Files\Game</Filter>
    </ClCompile>
    <ClCompile Include="Game.cpp">
      <Filter>Source Files</Filter>
    </ClCompile>
    <ClCompile Include="Match.cpp">
      <Filter>Source Files</Filter>
    </ClCompile>
    <ClCompile Include="GField.cpp">
      <Filter>Source Files\Game</Filter>
    </ClCompile>
    <ClCompile Include="GPlayer.cpp">
      <Filter>Source Files\Game</Filter>
    </ClCompile>
    <ClCompile Include="GTimer.cpp">
      <Filter>Source Files\Tools</Filter>
    </ClCompile>
  </ItemGroup>
  <ItemGroup>
    <ClInclude Include="GTexture.h">
      <Filter>Header Files\Graphics</Filter>
    </ClInclude>
    <ClInclude Include="GActor.h">
      <Filter>Header Files\Game</Filter>
    </ClInclude>
    <ClInclude Include="Constants.h">
      <Filter>Header Files\Tools</Filter>
    </ClInclude>
    <ClInclude Include="GField.h">
      <Filter>Header Files\Game</Filter>
    </ClInclude>
    <ClInclude Include="GTimer.h">
      <Filter>Header Files\Tools</Filter>
    </ClInclude>
    <ClInclude Include="GBall.h">
      <Filter>Header Files\Game</Filter>
    </ClInclude>
    <ClInclude Include="Game.h">
      <Filter>Header Files</Filter>
    </ClInclude>
    <ClInclude Include="Match.h">
      <Filter>Header Files</Filter>
    </ClInclude>
    <ClInclude Include="GPlayer.h">
      <Filter>Header Files</Filter>
    </ClInclude>
  </ItemGroup>
  <ItemGroup>
    <Image Include="background.png">
      <Filter>Resource Files</Filter>
    </Image>
    <Image Include="spritesheet.png">
      <Filter>Resource Files</Filter>
    </Image>
    <Image Include="..\..\..\..\Tools\sprites\spritesheetwalker.png">
      <Filter>Resource Files</Filter>
    </Image>
    <Image Include="..\..\..\..\Tools\sprites\shrektBg.png">
      <Filter>Resource Files</Filter>
    </Image>
  </ItemGroup>
  <ItemGroup>
    <None Include="SDL2_image.dll">
      <Filter>Resource Files</Filter>
    </None>
    <None Include="libpng16-16.dll">
      <Filter>Resource Files</Filter>
    </None>
  </ItemGroup>
  <ItemGroup>
    <Font Include="lazy.ttf">
      <Filter>Resource Files</Filter>
    </Font>
  </ItemGroup>
</Project>